
Microsoft Visual Studio Solution File, Format Version 12.00
# Visual Studio Version 16
VisualStudioVersion = 16.0.31129.286
MinimumVisualStudioVersion = 10.0.40219.1
Project("{FAE04EC0-301F-11D3-BF4B-00C04F79EFBC}") = "AutoBGchanger", "AutoBGchanger\AutoBGchanger.csproj", "{7D7B206C-EE21-48F4-8019-5A05C3FC1447}"
EndProject
Global
	GlobalSection(SolutionConfigurationPlatforms) = preSolution
		Debug|Any CPU = Debug|Any CPU
		Release|Any CPU = Release|Any CPU
	EndGlobalSection
	GlobalSection(ProjectConfigurationPlatforms) = postSolution
		{7D7B206C-EE21-48F4-8019-5A05C3FC1447}.Debug|Any CPU.ActiveCfg = Debug|Any CPU
		{7D7B206C-EE21-48F4-8019-5A05C3FC1447}.Debug|Any CPU.Build.0 = Debug|Any CPU
		{7D7B206C-EE21-48F4-8019-5A05C3FC1447}.Release|Any CPU.ActiveCfg = Release|Any CPU
		{7D7B206C-EE21-48F4-8019-5A05C3FC1447}.Release|Any CPU.Build.0 = Release|Any CPU
	EndGlobalSection
	GlobalSection(SolutionProperties) = preSolution
		HideSolutionNode = FALSE
	EndGlobalSection
	GlobalSection(ExtensibilityGlobals) = postSolution
		SolutionGuid = {F08C1E48-16C9-4609-8B0F-2B3949E6AAAB}
	EndGlobalSection
EndGlobal
